
Microsoft Visual Studio Solution File, Format Version 12.00
# Visual Studio 14
VisualStudioVersion = 14.0.25123.0
MinimumVisualStudioVersion = 10.0.40219.1
Project("{FAE04EC0-301F-11D3-BF4B-00C04F79EFBC}") = "PSExt", "src\PSExt.csproj", "{789E85CB-0A34-4175-9EBE-3F1E0661F483}"
EndProject
Project("{2150E333-8FDC-42A3-9474-1A3956D46DE8}") = "Solution Items", "Solution Items", "{0F6BE2B1-5491-498F-8F17-C3950A44A2E6}"
	ProjectSection(SolutionItems) = preProject
		SampleDbgCommands.txt = SampleDbgCommands.txt
	EndProjectSection
EndProject
Project("{8BC9CEB8-8B4A-11D0-8D11-00A0C91BC942}") = "SampleDebugee", "SampleDebugee\SampleDebugee.vcxproj", "{720CA262-39AA-4D54-A4FA-A320909C1A87}"
EndProject
Project("{FAE04EC0-301F-11D3-BF4B-00C04F79EFBC}") = "PSExtTests", "PSExtTests\PSExtTests.csproj", "{93449412-6402-4DF4-84BE-1FFE29AFE050}"
EndProject
Global
	GlobalSection(SolutionConfigurationPlatforms) = preSolution
		Debug|Any CPU = Debug|Any CPU
		Debug|Win32 = Debug|Win32
		Debug|x64 = Debug|x64
		Release|Any CPU = Release|Any CPU
		Release|Win32 = Release|Win32
		Release|x64 = Release|x64
	EndGlobalSection
	GlobalSection(ProjectConfigurationPlatforms) = postSolution
		{789E85CB-0A34-4175-9EBE-3F1E0661F483}.Debug|Any CPU.ActiveCfg = Debug|Any CPU
		{789E85CB-0A34-4175-9EBE-3F1E0661F483}.Debug|Any CPU.Build.0 = Debug|Any CPU
		{789E85CB-0A34-4175-9EBE-3F1E0661F483}.Debug|Win32.ActiveCfg = Debug|Any CPU
		{789E85CB-0A34-4175-9EBE-3F1E0661F483}.Debug|Win32.Build.0 = Debug|Any CPU
		{789E85CB-0A34-4175-9EBE-3F1E0661F483}.Debug|x64.ActiveCfg = Debug|x64
		{789E85CB-0A34-4175-9EBE-3F1E0661F483}.Debug|x64.Build.0 = Debug|x64
		{789E85CB-0A34-4175-9EBE-3F1E0661F483}.Release|Any CPU.ActiveCfg = Release|Any CPU
		{789E85CB-0A34-4175-9EBE-3F1E0661F483}.Release|Any CPU.Build.0 = Release|Any CPU
		{789E85CB-0A34-4175-9EBE-3F1E0661F483}.Release|Win32.ActiveCfg = Release|Any CPU
		{789E85CB-0A34-4175-9EBE-3F1E0661F483}.Release|Win32.Build.0 = Release|Any CPU
		{789E85CB-0A34-4175-9EBE-3F1E0661F483}.Release|x64.ActiveCfg = Release|x64
		{789E85CB-0A34-4175-9EBE-3F1E0661F483}.Release|x64.Build.0 = Release|x64
		{720CA262-39AA-4D54-A4FA-A320909C1A87}.Debug|Any CPU.ActiveCfg = Debug|Win32
		{720CA262-39AA-4D54-A4FA-A320909C1A87}.Debug|Win32.ActiveCfg = Debug|Win32
		{720CA262-39AA-4D54-A4FA-A320909C1A87}.Debug|Win32.Build.0 = Debug|Win32
		{720CA262-39AA-4D54-A4FA-A320909C1A87}.Debug|x64.ActiveCfg = Debug|x64
		{720CA262-39AA-4D54-A4FA-A320909C1A87}.Debug|x64.Build.0 = Debug|x64
		{720CA262-39AA-4D54-A4FA-A320909C1A87}.Release|Any CPU.ActiveCfg = Release|Win32
		{720CA262-39AA-4D54-A4FA-A320909C1A87}.Release|Win32.ActiveCfg = Release|Win32
		{720CA262-39AA-4D54-A4FA-A320909C1A87}.Release|Win32.Build.0 = Release|Win32
		{720CA262-39AA-4D54-A4FA-A320909C1A87}.Release|x64.ActiveCfg = Release|x64
		{720CA262-39AA-4D54-A4FA-A320909C1A87}.Release|x64.Build.0 = Release|x64
		{93449412-6402-4DF4-84BE-1FFE29AFE050}.Debug|Any CPU.ActiveCfg = Debug|Any CPU
		{93449412-6402-4DF4-84BE-1FFE29AFE050}.Debug|Any CPU.Build.0 = Debug|Any CPU
		{93449412-6402-4DF4-84BE-1FFE29AFE050}.Debug|Win32.ActiveCfg = Debug|Any CPU
		{93449412-6402-4DF4-84BE-1FFE29AFE050}.Debug|Win32.Build.0 = Debug|Any CPU
		{93449412-6402-4DF4-84BE-1FFE29AFE050}.Debug|x64.ActiveCfg = Debug|Any CPU
		{93449412-6402-4DF4-84BE-1FFE29AFE050}.Debug|x64.Build.0 = Debug|Any CPU
		{93449412-6402-4DF4-84BE-1FFE29AFE050}.Release|Any CPU.ActiveCfg = Release|Any CPU
		{93449412-6402-4DF4-84BE-1FFE29AFE050}.Release|Any CPU.Build.0 = Release|Any CPU
		{93449412-6402-4DF4-84BE-1FFE29AFE050}.Release|Win32.ActiveCfg = Release|Any CPU
		{93449412-6402-4DF4-84BE-1FFE29AFE050}.Release|Win32.Build.0 = Release|Any CPU
		{93449412-6402-4DF4-84BE-1FFE29AFE050}.Release|x64.ActiveCfg = Release|Any CPU
		{93449412-6402-4DF4-84BE-1FFE29AFE050}.Release|x64.Build.0 = Release|Any CPU
	EndGlobalSection
	GlobalSection(SolutionProperties) = preSolution
		HideSolutionNode = FALSE
	EndGlobalSection
EndGlobal
